// !$*UTF8*$!
{
	archiveVersion = 1;
	classes = {
	};
	objectVersion = 50;
	objects = {

/* Begin PBXBuildFile section */
		D0AC8414228180D100A7E881 /* AppDelegate.swift in Sources */ = {isa = PBXBuildFile; fileRef = D0AC8413228180D100A7E881 /* AppDelegate.swift */; };
		D0AC8416228180D100A7E881 /* ViewController.swift in Sources */ = {isa = PBXBuildFile; fileRef = D0AC8415228180D100A7E881 /* ViewController.swift */; };
		D0AC8419228180D100A7E881 /* Main.storyboard in Resources */ = {isa = PBXBuildFile; fileRef = D0AC8417228180D100A7E881 /* Main.storyboard */; };
		D0AC841B228180D300A7E881 /* Assets.xcassets in Resources */ = {isa = PBXBuildFile; fileRef = D0AC841A228180D300A7E881 /* Assets.xcassets */; };
		D0AC841E228180D300A7E881 /* LaunchScreen.storyboard in Resources */ = {isa = PBXBuildFile; fileRef = D0AC841C228180D300A7E881 /* LaunchScreen.storyboard */; };
		D0AC8429228180D300A7E881 /* iMusicTests.swift in Sources */ = {isa = PBXBuildFile; fileRef = D0AC8428228180D300A7E881 /* iMusicTests.swift */; };
		D0AC84372281D35F00A7E881 /* sample.mp3 in Resources */ = {isa = PBXBuildFile; fileRef = D0AC84362281D35F00A7E881 /* sample.mp3 */; };
/* End PBXBuildFile section */

/* Begin PBXContainerItemProxy section */
		D0AC8425228180D300A7E881 /* PBXContainerItemProxy */ = {
			isa = PBXContainerItemProxy;
			containerPortal = D0AC8408228180D000A7E881 /* Project object */;
			proxyType = 1;
			remoteGlobalIDString = D0AC840F228180D000A7E881;
			remoteInfo = iMusic;
		};
/* End PBXContainerItemProxy section */

/* Begin PBXFileReference section */
		D0AC8410228180D100A7E881 /* iMusic.app */ = {isa = PBXFileReference; explicitFileType = wrapper.application; includeInIndex = 0; path = iMusic.app; sourceTree = BUILT_PRODUCTS_DIR; };
		D0AC8413228180D100A7E881 /* AppDelegate.swift */ = {isa = PBXFileReference; lastKnownFileType = sourcecode.swift; path = AppDelegate.swift; sourceTree = "<group>"; };
		D0AC8415228180D100A7E881 /* ViewController.swift */ = {isa = PBXFileReference; lastKnownFileType = sourcecode.swift; path = ViewController.swift; sourceTree = "<group>"; };
		D0AC8418228180D100A7E881 /* Base */ = {isa = PBXFileReference; lastKnownFileType = file.storyboard; name = Base; path = Base.lproj/Main.storyboard; sourceTree = "<group>"; };
		D0AC841A228180D300A7E881 /* Assets.xcassets */ = {isa = PBXFileReference; lastKnownFileType = folder.assetcatalog; path = Assets.xcassets; sourceTree = "<group>"; };
		D0AC841D228180D300A7E881 /* Base */ = {isa = PBXFileReference; lastKnownFileType = file.storyboard; name = Base; path = Base.lproj/LaunchScreen.storyboard; sourceTree = "<group>"; };
		D0AC841F228180D300A7E881 /* Info.plist */ = {isa = PBXFileReference; lastKnownFileType = text.plist.xml; path = Info.plist; sourceTree = "<group>"; };
		D0AC8424228180D300A7E881 /* iMusicTests.xctest */ = {isa = PBXFileReference; explicitFileType = wrapper.cfbundle; includeInIndex = 0; path = iMusicTests.xctest; sourceTree = BUILT_PRODUCTS_DIR; };
		D0AC8428228180D300A7E881 /* iMusicTests.swift */ = {isa = PBXFileReference; lastKnownFileType = sourcecode.swift; path = iMusicTests.swift; sourceTree = "<group>"; };
		D0AC842A228180D300A7E881 /* Info.plist */ = {isa = PBXFileReference; lastKnownFileType = text.plist.xml; path = Info.plist; sourceTree = "<group>"; };
		D0AC84362281D35F00A7E881 /* sample.mp3 */ = {isa = PBXFileReference; lastKnownFileType = audio.mp3; path = sample.mp3; sourceTree = "<group>"; };
/* End PBXFileReference section */

/* Begin PBXFrameworksBuildPhase section */
		D0AC840D228180D000A7E881 /* Frameworks */ = {
			isa = PBXFrameworksBuildPhase;
			buildActionMask = 2147483647;
			files = (
			);
			runOnlyForDeploymentPostprocessing = 0;
		};
		D0AC8421228180D300A7E881 /* Frameworks */ = {
			isa = PBXFrameworksBuildPhase;
			buildActionMask = 2147483647;
			files = (
			);
			runOnlyForDeploymentPostprocessing = 0;
		};
/* End PBXFrameworksBuildPhase section */

/* Begin PBXGroup section */
		D090F3B02282A09D0050E1F8 /* Utilities */ = {
			isa = PBXGroup;
			children = (
			);
			path = Utilities;
			sourceTree = "<group>";
		};
		D0AC8407228180D000A7E881 = {
			isa = PBXGroup;
			children = (
				D0AC8412228180D100A7E881 /* iMusic */,
				D0AC8427228180D300A7E881 /* iMusicTests */,
				D0AC8411228180D100A7E881 /* Products */,
			);
			sourceTree = "<group>";
		};
		D0AC8411228180D100A7E881 /* Products */ = {
			isa = PBXGroup;
			children = (
				D0AC8410228180D100A7E881 /* iMusic.app */,
				D0AC8424228180D300A7E881 /* iMusicTests.xctest */,
			);
			name = Products;
			sourceTree = "<group>";
		};
		D0AC8412228180D100A7E881 /* iMusic */ = {
			isa = PBXGroup;
			children = (
				D090F3B02282A09D0050E1F8 /* Utilities */,
				D0AC84332281CEF900A7E881 /* Audio */,
				D0AC8413228180D100A7E881 /* AppDelegate.swift */,
				D0AC8415228180D100A7E881 /* ViewController.swift */,
				D0AC8417228180D100A7E881 /* Main.storyboard */,
				D0AC841A228180D300A7E881 /* Assets.xcassets */,
				D0AC841C228180D300A7E881 /* LaunchScreen.storyboard */,
				D0AC841F228180D300A7E881 /* Info.plist */,
			);
			path = iMusic;
			sourceTree = "<group>";
		};
		D0AC8427228180D300A7E881 /* iMusicTests */ = {
			isa = PBXGroup;
			children = (
				D0AC8428228180D300A7E881 /* iMusicTests.swift */,
				D0AC842A228180D300A7E881 /* Info.plist */,
			);
			path = iMusicTests;
			sourceTree = "<group>";
		};
		D0AC84332281CEF900A7E881 /* Audio */ = {
			isa = PBXGroup;
			children = (
				D0AC84362281D35F00A7E881 /* sample.mp3 */,
			);
			path = Audio;
			sourceTree = "<group>";
		};
/* End PBXGroup section */

/* Begin PBXNativeTarget section */
		D0AC840F228180D000A7E881 /* iMusic */ = {
			isa = PBXNativeTarget;
			buildConfigurationList = D0AC842D228180D300A7E881 /* Build configuration list for PBXNativeTarget "iMusic" */;
			buildPhases = (
				D0AC840C228180D000A7E881 /* Sources */,
				D0AC840D228180D000A7E881 /* Frameworks */,
				D0AC840E228180D000A7E881 /* Resources */,
			);
			buildRules = (
			);
			dependencies = (
			);
			name = iMusic;
			productName = iMusic;
			productReference = D0AC8410228180D100A7E881 /* iMusic.app */;
			productType = "com.apple.product-type.application";
		};
		D0AC8423228180D300A7E881 /* iMusicTests */ = {
			isa = PBXNativeTarget;
			buildConfigurationList = D0AC8430228180D300A7E881 /* Build configuration list for PBXNativeTarget "iMusicTests" */;
			buildPhases = (
				D0AC8420228180D300A7E881 /* Sources */,
				D0AC8421228180D300A7E881 /* Frameworks */,
				D0AC8422228180D300A7E881 /* Resources */,
			);
			buildRules = (
			);
			dependencies = (
				D0AC8426228180D300A7E881 /* PBXTargetDependency */,
			);
			name = iMusicTests;
			productName = iMusicTests;
			productReference = D0AC8424228180D300A7E881 /* iMusicTests.xctest */;
			productType = "com.apple.product-type.bundle.unit-test";
		};
/* End PBXNativeTarget section */

/* Begin PBXProject section */
		D0AC8408228180D000A7E881 /* Project object */ = {
			isa = PBXProject;
			attributes = {
				LastSwiftUpdateCheck = 1010;
				LastUpgradeCheck = 1010;
				ORGANIZATIONNAME = xProject;
				TargetAttributes = {
					D0AC840F228180D000A7E881 = {
						CreatedOnToolsVersion = 10.1;
					};
					D0AC8423228180D300A7E881 = {
						CreatedOnToolsVersion = 10.1;
						TestTargetID = D0AC840F228180D000A7E881;
					};
				};
			};
			buildConfigurationList = D0AC840B228180D000A7E881 /* Build configuration list for PBXProject "iMusic" */;
			compatibilityVersion = "Xcode 9.3";
			developmentRegion = en;
			hasScannedForEncodings = 0;
			knownRegions = (
				en,
				Base,
			);
			mainGroup = D0AC8407228180D000A7E881;
			productRefGroup = D0AC8411228180D100A7E881 /* Products */;
			projectDirPath = "";
			projectRoot = "";
			targets = (
				D0AC840F228180D000A7E881 /* iMusic */,
				D0AC8423228180D300A7E881 /* iMusicTests */,
			);
		};
/* End PBXProject section */

/* Begin PBXResourcesBuildPhase section */
		D0AC840E228180D000A7E881 /* Resources */ = {
			isa = PBXResourcesBuildPhase;
			buildActionMask = 2147483647;
			files = (
				D0AC841E228180D300A7E881 /* LaunchScreen.storyboard in Resources */,
				D0AC841B228180D300A7E881 /* Assets.xcassets in Resources */,
				D0AC8419228180D100A7E881 /* Main.storyboard in Resources */,
				D0AC84372281D35F00A7E881 /* sample.mp3 in Resources */,
			);
			runOnlyForDeploymentPostprocessing = 0;
		};
		D0AC8422228180D300A7E881 /* Resources */ = {
			isa = PBXResourcesBuildPhase;
			buildActionMask = 2147483647;
			files = (
			);
			runOnlyForDeploymentPostprocessing = 0;
		};
/* End PBXResourcesBuildPhase section */

/* Begin PBXSourcesBuildPhase section */
		D0AC840C228180D000A7E881 /* Sources */ = {
			isa = PBXSourcesBuildPhase;
			buildActionMask = 2147483647;
			files = (
				D0AC8416228180D100A7E881 /* ViewController.swift in Sources */,
				D0AC8414228180D100A7E881 /* AppDelegate.swift in Sources */,
			);
			runOnlyForDeploymentPostprocessing = 0;
		};
		D0AC8420228180D300A7E881 /* Sources */ = {
			isa = PBXSourcesBuildPhase;
			buildActionMask = 2147483647;
			files = (
				D0AC8429228180D300A7E881 /* iMusicTests.swift in Sources */,
			);
			runOnlyForDeploymentPostprocessing = 0;
		};
/* End PBXSourcesBuildPhase section */

/* Begin PBXTargetDependency section */
		D0AC8426228180D300A7E881 /* PBXTargetDependency */ = {
			isa = PBXTargetDependency;
			target = D0AC840F228180D000A7E881 /* iMusic */;
			targetProxy = D0AC8425228180D300A7E881 /* PBXContainerItemProxy */;
		};
/* End PBXTargetDependency section */

/* Begin PBXVariantGroup section */
		D0AC8417228180D100A7E881 /* Main.storyboard */ = {
			isa = PBXVariantGroup;
			children = (
				D0AC8418228180D100A7E881 /* Base */,
			);
			name = Main.storyboard;
			sourceTree = "<group>";
		};
		D0AC841C228180D300A7E881 /* LaunchScreen.storyboard */ = {
			isa = PBXVariantGroup;
			children = (
				D0AC841D228180D300A7E881 /* Base */,
			);
			name = LaunchScreen.storyboard;
			sourceTree = "<group>";
		};
/* End PBXVariantGroup section */

/* Begin XCBuildConfiguration section */
		D0AC842B228180D300A7E881 /* Debug */ = {
			isa = XCBuildConfiguration;
			buildSettings = {
				ALWAYS_SEARCH_USER_PATHS = NO;
				CLANG_ANALYZER_NONNULL = YES;
				CLANG_ANALYZER_NUMBER_OBJECT_CONVERSION = YES_AGGRESSIVE;
				CLANG_CXX_LANGUAGE_STANDARD = "gnu++14";
				CLANG_CXX_LIBRARY = "libc++";
				CLANG_ENABLE_MODULES = YES;
				CLANG_ENABLE_OBJC_ARC = YES;
				CLANG_ENABLE_OBJC_WEAK = YES;
				CLANG_WARN_BLOCK_CAPTURE_AUTORELEASING = YES;
				CLANG_WARN_BOOL_CONVERSION = YES;
				CLANG_WARN_COMMA = YES;
				CLANG_WARN_CONSTANT_CONVERSION = YES;
				CLANG_WARN_DEPRECATED_OBJC_IMPLEMENTATIONS = YES;
				CLANG_WARN_DIRECT_OBJC_ISA_USAGE = YES_ERROR;
				CLANG_WARN_DOCUMENTATION_COMMENTS = YES;
				CLANG_WARN_EMPTY_BODY = YES;
				CLANG_WARN_ENUM_CONVERSION = YES;
				CLANG_WARN_INFINITE_RECURSION = YES;
				CLANG_WARN_INT_CONVERSION = YES;
				CLANG_WARN_NON_LITERAL_NULL_CONVERSION = YES;
				CLANG_WARN_OBJC_IMPLICIT_RETAIN_SELF = YES;
				CLANG_WARN_OBJC_LITERAL_CONVERSION = YES;
				CLANG_WARN_OBJC_ROOT_CLASS = YES_ERROR;
				CLANG_WARN_RANGE_LOOP_ANALYSIS = YES;
				CLANG_WARN_STRICT_PROTOTYPES = YES;
				CLANG_WARN_SUSPICIOUS_MOVE = YES;
				CLANG_WARN_UNGUARDED_AVAILABILITY = YES_AGGRESSIVE;
				CLANG_WARN_UNREACHABLE_CODE = YES;
				CLANG_WARN__DUPLICATE_METHOD_MATCH = YES;
				CODE_SIGN_IDENTITY = "iPhone Developer";
				COPY_PHASE_STRIP = NO;
				DEBUG_INFORMATION_FORMAT = dwarf;
				ENABLE_STRICT_OBJC_MSGSEND = YES;
				ENABLE_TESTABILITY = YES;
				GCC_C_LANGUAGE_STANDARD = gnu11;
				GCC_DYNAMIC_NO_PIC = NO;
				GCC_NO_COMMON_BLOCKS = YES;
				GCC_OPTIMIZATION_LEVEL = 0;
				GCC_PREPROCESSOR_DEFINITIONS = (
					"DEBUG=1",
					"$(inherited)",
				);
				GCC_WARN_64_TO_32_BIT_CONVERSION = YES;
				GCC_WARN_ABOUT_RETURN_TYPE = YES_ERROR;
				GCC_WARN_UNDECLARED_SELECTOR = YES;
				GCC_WARN_UNINITIALIZED_AUTOS = YES_AGGRESSIVE;
				GCC_WARN_UNUSED_FUNCTION = YES;
				GCC_WARN_UNUSED_VARIABLE = YES;
				IPHONEOS_DEPLOYMENT_TARGET = 12.1;
				MTL_ENABLE_DEBUG_INFO = INCLUDE_SOURCE;
				MTL_FAST_MATH = YES;
				ONLY_ACTIVE_ARCH = YES;
				SDKROOT = iphoneos;
				SWIFT_ACTIVE_COMPILATION_CONDITIONS = DEBUG;
				SWIFT_OPTIMIZATION_LEVEL = "-Onone";
			};
			name = Debug;
		};
		D0AC842C228180D300A7E881 /* Release */ = {
			isa = XCBuildConfiguration;
			buildSettings = {
				ALWAYS_SEARCH_USER_PATHS = NO;
				CLANG_ANALYZER_NONNULL = YES;
				CLANG_ANALYZER_NUMBER_OBJECT_CONVERSION = YES_AGGRESSIVE;
				CLANG_CXX_LANGUAGE_STANDARD = "gnu++14";
				CLANG_CXX_LIBRARY = "libc++";
				CLANG_ENABLE_MODULES = YES;
				CLANG_ENABLE_OBJC_ARC = YES;
				CLANG_ENABLE_OBJC_WEAK = YES;
				CLANG_WARN_BLOCK_CAPTURE_AUTORELEASING = YES;
				CLANG_WARN_BOOL_CONVERSION = YES;
				CLANG_WARN_COMMA = YES;
				CLANG_WARN_CONSTANT_CONVERSION = YES;
				CLANG_WARN_DEPRECATED_OBJC_IMPLEMENTATIONS = YES;
				CLANG_WARN_DIRECT_OBJC_ISA_USAGE = YES_ERROR;
				CLANG_WARN_DOCUMENTATION_COMMENTS = YES;
				CLANG_WARN_EMPTY_BODY = YES;
				CLANG_WARN_ENUM_CONVERSION = YES;
				CLANG_WARN_INFINITE_RECURSION = YES;
				CLANG_WARN_INT_CONVERSION = YES;
				CLANG_WARN_NON_LITERAL_NULL_CONVERSION = YES;
				CLANG_WARN_OBJC_IMPLICIT_RETAIN_SELF = YES;
				CLANG_WARN_OBJC_LITERAL_CONVERSION = YES;
				CLANG_WARN_OBJC_ROOT_CLASS = YES_ERROR;
				CLANG_WARN_RANGE_LOOP_ANALYSIS = YES;
				CLANG_WARN_STRICT_PROTOTYPES = YES;
				CLANG_WARN_SUSPICIOUS_MOVE = YES;
				CLANG_WARN_UNGUARDED_AVAILABILITY = YES_AGGRESSIVE;
				CLANG_WARN_UNREACHABLE_CODE = YES;
				CLANG_WARN__DUPLICATE_METHOD_MATCH = YES;
				CODE_SIGN_IDENTITY = "iPhone Developer";
				COPY_PHASE_STRIP = NO;
				DEBUG_INFORMATION_FORMAT = "dwarf-with-dsym";
				ENABLE_NS_ASSERTIONS = NO;
				ENABLE_STRICT_OBJC_MSGSEND = YES;
				GCC_C_LANGUAGE_STANDARD = gnu11;
				GCC_NO_COMMON_BLOCKS = YES;
				GCC_WARN_64_TO_32_BIT_CONVERSION = YES;
				GCC_WARN_ABOUT_RETURN_TYPE = YES_ERROR;
				GCC_WARN_UNDECLARED_SELECTOR = YES;
				GCC_WARN_UNINITIALIZED_AUTOS = YES_AGGRESSIVE;
				GCC_WARN_UNUSED_FUNCTION = YES;
				GCC_WARN_UNUSED_VARIABLE = YES;
				IPHONEOS_DEPLOYMENT_TARGET = 12.1;
				MTL_ENABLE_DEBUG_INFO = NO;
				MTL_FAST_MATH = YES;
				SDKROOT = iphoneos;
				SWIFT_COMPILATION_MODE = wholemodule;
				SWIFT_OPTIMIZATION_LEVEL = "-O";
				VALIDATE_PRODUCT = YES;
			};
			name = Release;
		};
		D0AC842E228180D300A7E881 /* Debug */ = {
			isa = XCBuildConfiguration;
			buildSettings = {
				ASSETCATALOG_COMPILER_APPICON_NAME = Logo;
				CODE_SIGN_STYLE = Automatic;
				DEVELOPMENT_TEAM = DBD2357J7Z;
				INFOPLIST_FILE = iMusic/Info.plist;
				LD_RUNPATH_SEARCH_PATHS = (
					"$(inherited)",
					"@executable_path/Frameworks",
				);
				PRODUCT_BUNDLE_IDENTIFIER = xProject.iMusic;
				PRODUCT_NAME = "$(TARGET_NAME)";
				SWIFT_VERSION = 4.2;
				TARGETED_DEVICE_FAMILY = "1,2";
			};
			name = Debug;
		};
		D0AC842F228180D300A7E881 /* Release */ = {
			isa = XCBuildConfiguration;
			buildSettings = {
				ASSETCATALOG_COMPILER_APPICON_NAME = Logo;
				CODE_SIGN_STYLE = Automatic;
				DEVELOPMENT_TEAM = DBD2357J7Z;
				INFOPLIST_FILE = iMusic/Info.plist;
				LD_RUNPATH_SEARCH_PATHS = (
					"$(inherited)",
					"@executable_path/Frameworks",
				);
				PRODUCT_BUNDLE_IDENTIFIER = xProject.iMusic;
				PRODUCT_NAME = "$(TARGET_NAME)";
				SWIFT_VERSION = 4.2;
				TARGETED_DEVICE_FAMILY = "1,2";
			};
			name = Release;
		};
		D0AC8431228180D300A7E881 /* Debug */ = {
			isa = XCBuildConfiguration;
			buildSettings = {
				ALWAYS_EMBED_SWIFT_STANDARD_LIBRARIES = YES;
				BUNDLE_LOADER = "$(TEST_HOST)";
				CODE_SIGN_STYLE = Automatic;
				DEVELOPMENT_TEAM = DBD2357J7Z;
				INFOPLIST_FILE = iMusicTests/Info.plist;
				LD_RUNPATH_SEARCH_PATHS = (
					"$(inherited)",
					"@executable_path/Frameworks",
					"@loader_path/Frameworks",
				);
				PRODUCT_BUNDLE_IDENTIFIER = xProject.iMusicTests;
				PRODUCT_NAME = "$(TARGET_NAME)";
				SWIFT_VERSION = 4.2;
				TARGETED_DEVICE_FAMILY = "1,2";
				TEST_HOST = "$(BUILT_PRODUCTS_DIR)/iMusic.app/iMusic";
			};
			name = Debug;
		};
		D0AC8432228180D300A7E881 /* Release */ = {
			isa = XCBuildConfiguration;
			buildSettings = {
				ALWAYS_EMBED_SWIFT_STANDARD_LIBRARIES = YES;
				BUNDLE_LOADER = "$(TEST_HOST)";
				CODE_SIGN_STYLE = Automatic;
				DEVELOPMENT_TEAM = DBD2357J7Z;
				INFOPLIST_FILE = iMusicTests/Info.plist;
				LD_RUNPATH_SEARCH_PATHS = (
					"$(inherited)",
					"@executable_path/Frameworks",
					"@loader_path/Frameworks",
				);
				PRODUCT_BUNDLE_IDENTIFIER = xProject.iMusicTests;
				PRODUCT_NAME = "$(TARGET_NAME)";
				SWIFT_VERSION = 4.2;
				TARGETED_DEVICE_FAMILY = "1,2";
				TEST_HOST = "$(BUILT_PRODUCTS_DIR)/iMusic.app/iMusic";
			};
			name = Release;
		};
/* End XCBuildConfiguration section */

/* Begin XCConfigurationList section */
		D0AC840B228180D000A7E881 /* Build configuration list for PBXProject "iMusic" */ = {
			isa = XCConfigurationList;
			buildConfigurations = (
				D0AC842B228180D300A7E881 /* Debug */,
				D0AC842C228180D300A7E881 /* Release */,
			);
			defaultConfigurationIsVisible = 0;
			defaultConfigurationName = Release;
		};
		D0AC842D228180D300A7E881 /* Build configuration list for PBXNativeTarget "iMusic" */ = {
			isa = XCConfigurationList;
			buildConfigurations = (
				D0AC842E228180D300A7E881 /* Debug */,
				D0AC842F228180D300A7E881 /* Release */,
			);
			defaultConfigurationIsVisible = 0;
			defaultConfigurationName = Release;
		};
		D0AC8430228180D300A7E881 /* Build configuration list for PBXNativeTarget "iMusicTests" */ = {
			isa = XCConfigurationList;
			buildConfigurations = (
				D0AC8431228180D300A7E881 /* Debug */,
				D0AC8432228180D300A7E881 /* Release */,
			);
			defaultConfigurationIsVisible = 0;
			defaultConfigurationName = Release;
		};
/* End XCConfigurationList section */
	};
	rootObject = D0AC8408228180D000A7E881 /* Project object */;
}
